
Microsoft Visual Studio Solution File, Format Version 12.00
# Visual Studio Version 17
VisualStudioVersion = 17.7.34024.191
MinimumVisualStudioVersion = 10.0.40219.1
Project("{9A19103F-16F7-4668-BE54-9A1E7A4F7556}") = "JornadaMilhasTestes", "JornadaMIlhasTestes\JornadaMilhasTestes.csproj", "{DB5E1376-C3AE-4AD8-AE18-67231F04FBA7}"
EndProject
Project("{9A19103F-16F7-4668-BE54-9A1E7A4F7556}") = "JornadaMilhas", "JornadaMilhas\JornadaMilhas.csproj", "{3BFFDB7F-0D9D-40BB-AF5A-02FAB0B6ADBC}"
EndProject
Global
	GlobalSection(SolutionConfigurationPlatforms) = preSolution
		Debug|Any CPU = Debug|Any CPU
		Release|Any CPU = Release|Any CPU
	EndGlobalSection
	GlobalSection(ProjectConfigurationPlatforms) = postSolution
		{DB5E1376-C3AE-4AD8-AE18-67231F04FBA7}.Debug|Any CPU.ActiveCfg = Debug|Any CPU
		{DB5E1376-C3AE-4AD8-AE18-67231F04FBA7}.Debug|Any CPU.Build.0 = Debug|Any CPU
		{DB5E1376-C3AE-4AD8-AE18-67231F04FBA7}.Release|Any CPU.ActiveCfg = Release|Any CPU
		{DB5E1376-C3AE-4AD8-AE18-67231F04FBA7}.Release|Any CPU.Build.0 = Release|Any CPU
		{3BFFDB7F-0D9D-40BB-AF5A-02FAB0B6ADBC}.Debug|Any CPU.ActiveCfg = Debug|Any CPU
		{3BFFDB7F-0D9D-40BB-AF5A-02FAB0B6ADBC}.Debug|Any CPU.Build.0 = Debug|Any CPU
		{3BFFDB7F-0D9D-40BB-AF5A-02FAB0B6ADBC}.Release|Any CPU.ActiveCfg = Release|Any CPU
		{3BFFDB7F-0D9D-40BB-AF5A-02FAB0B6ADBC}.Release|Any CPU.Build.0 = Release|Any CPU
	EndGlobalSection
	GlobalSection(SolutionProperties) = preSolution
		HideSolutionNode = FALSE
	EndGlobalSection
	GlobalSection(ExtensibilityGlobals) = postSolution
		SolutionGuid = {A1EA2D9F-18E8-409E-B364-E135815348F8}
	EndGlobalSection
EndGlobal
